
Microsoft Visual Studio Solution File, Format Version 12.00
# Visual Studio Version 16
VisualStudioVersion = 16.0.30406.217
MinimumVisualStudioVersion = 10.0.40219.1
Project("{FAE04EC0-301F-11D3-BF4B-00C04F79EFBC}") = "MRPTests", "MRP-Tests\MRPTests.csproj", "{F28410B7-F5B7-4810-AE1B-9724F89EC6D8}"
EndProject
Global
	GlobalSection(SolutionConfigurationPlatforms) = preSolution
		Debug|Any CPU = Debug|Any CPU
		Release|Any CPU = Release|Any CPU
	EndGlobalSection
	GlobalSection(ProjectConfigurationPlatforms) = postSolution
		{F28410B7-F5B7-4810-AE1B-9724F89EC6D8}.Debug|Any CPU.ActiveCfg = Debug|Any CPU
		{F28410B7-F5B7-4810-AE1B-9724F89EC6D8}.Debug|Any CPU.Build.0 = Debug|Any CPU
		{F28410B7-F5B7-4810-AE1B-9724F89EC6D8}.Release|Any CPU.ActiveCfg = Release|Any CPU
		{F28410B7-F5B7-4810-AE1B-9724F89EC6D8}.Release|Any CPU.Build.0 = Release|Any CPU
	EndGlobalSection
	GlobalSection(SolutionProperties) = preSolution
		HideSolutionNode = FALSE
	EndGlobalSection
	GlobalSection(ExtensibilityGlobals) = postSolution
		SolutionGuid = {FB235DCC-FB5A-4602-B96C-0A8FB22F9074}
	EndGlobalSection
EndGlobal
